
Microsoft Visual Studio Solution File, Format Version 12.00
# Visual Studio 14
VisualStudioVersion = 14.0.24720.0
MinimumVisualStudioVersion = 10.0.40219.1
Project("{FAE04EC0-301F-11D3-BF4B-00C04F79EFBC}") = "EducationSystem.Data", "EducationSystem.Data\EducationSystem.Data.csproj", "{4FCDAEE2-C93C-42A1-97B2-0FD9C283261C}"
EndProject
Project("{FAE04EC0-301F-11D3-BF4B-00C04F79EFBC}") = "EducationSystem.Services", "EducationSystem.Services\EducationSystem.Services.csproj", "{3880555A-747D-4AC4-8290-B5E9E99BD60C}"
EndProject
Project("{FAE04EC0-301F-11D3-BF4B-00C04F79EFBC}") = "EducationSystem.Models", "EducationSystem.Models\EducationSystem.Models.csproj", "{3908044C-0D88-4813-818D-248BB35EAC46}"
EndProject
Project("{FAE04EC0-301F-11D3-BF4B-00C04F79EFBC}") = "EducationSystem.WebApi", "EducationSystem.WebApi\EducationSystem.WebApi.csproj", "{BE728B29-7D96-4EBB-995F-2CCA2CDE48BF}"
EndProject
Project("{FAE04EC0-301F-11D3-BF4B-00C04F79EFBC}") = "EducationSystem.UI", "EducationSystem.UI\EducationSystem.UI.csproj", "{83C058DC-47E6-46EA-9630-EAFDF08D5DE2}"
EndProject
Global
	GlobalSection(SolutionConfigurationPlatforms) = preSolution
		Debug|Any CPU = Debug|Any CPU
		Release|Any CPU = Release|Any CPU
	EndGlobalSection
	GlobalSection(ProjectConfigurationPlatforms) = postSolution
		{4FCDAEE2-C93C-42A1-97B2-0FD9C283261C}.Debug|Any CPU.ActiveCfg = Debug|Any CPU
		{4FCDAEE2-C93C-42A1-97B2-0FD9C283261C}.Debug|Any CPU.Build.0 = Debug|Any CPU
		{4FCDAEE2-C93C-42A1-97B2-0FD9C283261C}.Release|Any CPU.ActiveCfg = Release|Any CPU
		{4FCDAEE2-C93C-42A1-97B2-0FD9C283261C}.Release|Any CPU.Build.0 = Release|Any CPU
		{3880555A-747D-4AC4-8290-B5E9E99BD60C}.Debug|Any CPU.ActiveCfg = Debug|Any CPU
		{3880555A-747D-4AC4-8290-B5E9E99BD60C}.Debug|Any CPU.Build.0 = Debug|Any CPU
		{3880555A-747D-4AC4-8290-B5E9E99BD60C}.Release|Any CPU.ActiveCfg = Release|Any CPU
		{3880555A-747D-4AC4-8290-B5E9E99BD60C}.Release|Any CPU.Build.0 = Release|Any CPU
		{3908044C-0D88-4813-818D-248BB35EAC46}.Debug|Any CPU.ActiveCfg = Debug|Any CPU
		{3908044C-0D88-4813-818D-248BB35EAC46}.Debug|Any CPU.Build.0 = Debug|Any CPU
		{3908044C-0D88-4813-818D-248BB35EAC46}.Release|Any CPU.ActiveCfg = Release|Any CPU
		{3908044C-0D88-4813-818D-248BB35EAC46}.Release|Any CPU.Build.0 = Release|Any CPU
		{BE728B29-7D96-4EBB-995F-2CCA2CDE48BF}.Debug|Any CPU.ActiveCfg = Debug|Any CPU
		{BE728B29-7D96-4EBB-995F-2CCA2CDE48BF}.Debug|Any CPU.Build.0 = Debug|Any CPU
		{BE728B29-7D96-4EBB-995F-2CCA2CDE48BF}.Release|Any CPU.ActiveCfg = Release|Any CPU
		{BE728B29-7D96-4EBB-995F-2CCA2CDE48BF}.Release|Any CPU.Build.0 = Release|Any CPU
		{83C058DC-47E6-46EA-9630-EAFDF08D5DE2}.Debug|Any CPU.ActiveCfg = Debug|Any CPU
		{83C058DC-47E6-46EA-9630-EAFDF08D5DE2}.Debug|Any CPU.Build.0 = Debug|Any CPU
		{83C058DC-47E6-46EA-9630-EAFDF08D5DE2}.Release|Any CPU.ActiveCfg = Release|Any CPU
		{83C058DC-47E6-46EA-9630-EAFDF08D5DE2}.Release|Any CPU.Build.0 = Release|Any CPU
	EndGlobalSection
	GlobalSection(SolutionProperties) = preSolution
		HideSolutionNode = FALSE
	EndGlobalSection
	GlobalSection(ExtensibilityGlobals) = postSolution
		SolutionGuid = {61C93109-D341-4DE3-8875-EB2627347AFC}
	EndGlobalSection
EndGlobal
